{
    "_readme": [
        "This file locks the dependencies of your project to a known state",
        "Read more about it at http://getcomposer.org/doc/01-basic-usage.md#composer-lock-the-lock-file",
        "This file is @generated automatically"
    ],
    "hash": "9f3494fc9480de0e0db04a5169ef1dcb",
    "packages": [],
    "packages-dev": [
        {
            "name": "crysalead/box",
            "version": "1.0.1",
            "source": {
                "type": "git",
                "url": "https://github.com/crysalead/box.git",
                "reference": "1c2fbbf73cf29aedf7f1c0dc0d367c7c0f2e5771"
            },
            "dist": {
                "type": "zip",
                "url": "https://api.github.com/repos/crysalead/box/zipball/1c2fbbf73cf29aedf7f1c0dc0d367c7c0f2e5771",
                "reference": "1c2fbbf73cf29aedf7f1c0dc0d367c7c0f2e5771",
                "shasum": ""
            },
            "require": {
                "php": ">=5.4"
            },
            "require-dev": {
                "crysalead/kahlan": "dev-master"
            },
            "type": "library",
            "autoload": {
                "psr-4": {
                    "box\\": "src/",
                    "box\\spec\\": "spec/"
                },
                "files": [
                    "src/init.php"
                ]
            },
            "notification-url": "https://packagist.org/downloads/",
            "license": [
                "MIT"
            ],
            "description": "Minimalist Dependency Injection Container.",
            "keywords": [
                "dependency injection",
                "dependency injection container",
                "inversion of control",
                "ioc"
            ],
            "time": "2015-03-21 00:44:48"
        },
        {
            "name": "crysalead/dir",
            "version": "1.0.0",
            "source": {
                "type": "git",
                "url": "https://github.com/crysalead/dir.git",
                "reference": "4d86ccfdb5e2466bca006e76515f51fba4d0b652"
            },
            "dist": {
                "type": "zip",
                "url": "https://api.github.com/repos/crysalead/dir/zipball/4d86ccfdb5e2466bca006e76515f51fba4d0b652",
                "reference": "4d86ccfdb5e2466bca006e76515f51fba4d0b652",
                "shasum": ""
            },
            "require": {
                "php": ">=5.4"
            },
            "require-dev": {
                "crysalead/kahlan": "dev-master"
            },
            "type": "library",
            "autoload": {
                "psr-4": {
                    "dir\\": "src/",
                    "dir\\spec\\": "spec/"
                }
            },
            "notification-url": "https://packagist.org/downloads/",
            "license": [
                "MIT"
            ],
            "description": "Recursive directory scanner to locate directories and/or files in a file system",
            "keywords": [
                "Directory Scanner",
                "directory",
                "file",
                "file system"
            ],
            "time": "2015-03-19 13:42:41"
        },
        {
            "name": "crysalead/filter",
            "version": "1.0.0",
            "source": {
                "type": "git",
                "url": "https://github.com/crysalead/filter.git",
                "reference": "066c2b5eda011245e5adfc1c9ed6450d972b7cec"
            },
            "dist": {
                "type": "zip",
                "url": "https://api.github.com/repos/crysalead/filter/zipball/066c2b5eda011245e5adfc1c9ed6450d972b7cec",
                "reference": "066c2b5eda011245e5adfc1c9ed6450d972b7cec",
                "shasum": ""
            },
            "require": {
                "crysalead/jit": "~1.0",
                "php": ">=5.4"
            },
            "require-dev": {
                "crysalead/kahlan": "dev-master"
            },
            "type": "library",
            "autoload": {
                "psr-4": {
                    "filter\\": "src/",
                    "filter\\spec\\": "spec/"
                }
            },
            "notification-url": "https://packagist.org/downloads/",
            "license": [
                "MIT"
            ],
            "authors": [
                {
                    "name": "CrysaLEAD"
                }
            ],
            "description": "Method filtering system",
            "keywords": [
                "aop",
                "aspect",
                "aspect programming",
                "method filtering"
            ],
            "time": "2015-03-21 01:36:02"
        },
        {
            "name": "crysalead/jit",
            "version": "dev-master",
            "source": {
                "type": "git",
                "url": "https://github.com/crysalead/jit.git",
                "reference": "deaf0e1234020afc1e238a393dd3787af59dc1ca"
            },
            "dist": {
                "type": "zip",
                "url": "https://api.github.com/repos/crysalead/jit/zipball/deaf0e1234020afc1e238a393dd3787af59dc1ca",
                "reference": "deaf0e1234020afc1e238a393dd3787af59dc1ca",
                "shasum": ""
            },
            "require": {
                "php": ">=5.4"
            },
            "require-dev": {
                "crysalead/kahlan": "dev-master"
            },
            "type": "library",
            "extra": {
                "branch-alias": {
                    "dev-master": "1.0.x-dev"
                }
            },
            "autoload": {
                "psr-4": {
                    "jit\\": "src/",
                    "jit\\spec\\": "spec/"
                }
            },
            "notification-url": "https://packagist.org/downloads/",
            "license": [
                "MIT"
            ],
            "description": "Just In Time Code Patcher.",
            "keywords": [
                "Code Patcher",
                "jit"
            ],
            "time": "2015-03-21 01:31:12"
        },
        {
            "name": "crysalead/kahlan",
            "version": "1.1.3",
            "source": {
                "type": "git",
                "url": "https://github.com/crysalead/kahlan.git",
                "reference": "2f44500dcdfe7f73d603caaaf08ee7de93dfeccf"
            },
            "dist": {
                "type": "zip",
                "url": "https://api.github.com/repos/crysalead/kahlan/zipball/2f44500dcdfe7f73d603caaaf08ee7de93dfeccf",
                "reference": "2f44500dcdfe7f73d603caaaf08ee7de93dfeccf",
                "shasum": ""
            },
            "require": {
                "crysalead/box": "~1.0",
                "crysalead/dir": "~1.0",
                "crysalead/filter": "~1.0",
                "crysalead/jit": "~1.0",
                "php": ">=5.4"
            },
            "bin": [
                "bin/kahlan"
            ],
            "type": "library",
            "autoload": {
                "psr-4": {
                    "kahlan\\": "src/",
                    "kahlan\\spec\\": "spec/"
                },
                "files": [
                    "src/init.php"
                ]
            },
            "notification-url": "https://packagist.org/downloads/",
            "license": [
                "MIT"
            ],
            "authors": [
                {
                    "name": "CrysaLEAD"
                }
            ],
            "description": "Behavior-Driven Development (BDD) library.",
            "keywords": [
                "BDD",
                "Behavior-Driven Development",
                "Monkey Patching",
                "TDD",
                "mock",
                "stub",
                "testing",
                "unit test"
            ],
            "time": "2015-03-21 01:57:35"
        },
        {
            "name": "fzaninotto/faker",
            "version": "dev-master",
            "source": {
                "type": "git",
                "url": "https://github.com/fzaninotto/Faker.git",
                "reference": "6b1d646e38fad6dcd3191d69c40918fd7aeaa2f8"
            },
            "dist": {
                "type": "zip",
                "url": "https://api.github.com/repos/fzaninotto/Faker/zipball/6b1d646e38fad6dcd3191d69c40918fd7aeaa2f8",
                "reference": "6b1d646e38fad6dcd3191d69c40918fd7aeaa2f8",
                "shasum": ""
            },
            "require": {
                "php": ">=5.3.3"
            },
            "require-dev": {
                "phpunit/phpunit": "~4.0",
                "squizlabs/php_codesniffer": "~1.5"
            },
            "suggest": {
                "ext-intl": "*"
            },
            "type": "library",
            "extra": {
                "branch-alias": {
                    "dev-master": "1.5.x-dev"
                }
            },
            "autoload": {
                "psr-4": {
                    "Faker\\": "src/Faker/"
                }
            },
            "notification-url": "https://packagist.org/downloads/",
            "license": [
                "MIT"
            ],
            "authors": [
                {
                    "name": "François Zaninotto"
                }
            ],
            "description": "Faker is a PHP library that generates fake data for you.",
            "keywords": [
                "data",
                "faker",
                "fixtures"
            ],
            "time": "2015-03-30 08:56:14"
        }
    ],
    "aliases": [],
    "minimum-stability": "dev",
    "stability-flags": {
        "fzaninotto/faker": 20
    },
    "prefer-stable": false,
    "prefer-lowest": false,
    "platform": [],
    "platform-dev": []
}
